{
  "name": "pomodoro",
  "version": "1.0.0",
  "lockfileVersion": 1,
  "requires": true,
  "dependencies": {
    "@xstate/fsm": {
      "version": "1.4.0",
      "resolved": "https://registry.npmjs.org/@xstate/fsm/-/fsm-1.4.0.tgz",
      "integrity": "sha512-uTHDeu2xI5E1IFwf37JFQM31RrH7mY7877RqPBS4ZqSNUwoLDuct8AhBWaXGnVizBAYyimVwgCyGa9z/NiRhXA=="
    },
    "typescript": {
      "version": "3.9.7",
      "resolved": "https://registry.npmjs.org/typescript/-/typescript-3.9.7.tgz",
      "integrity": "sha512-BLbiRkiBzAwsjut4x/dsibSTB6yWpwT5qWmC2OfuCg3GgVQCSgMs4vEctYPhsaGtd0AeuuHMkjZ2h2WG8MSzRw==",
      "dev": true
    }
  }
}
