{
  "name": "pomodoro-timer",
  "version": "1.0.0",
  "lockfileVersion": 1,
  "requires": true,
  "dependencies": {
    "@xstate/fsm": {
      "version": "1.4.0",
      "resolved": "https://registry.npmjs.org/@xstate/fsm/-/fsm-1.4.0.tgz",
      "integrity": "sha512-uTHDeu2xI5E1IFwf37JFQM31RrH7mY7877RqPBS4ZqSNUwoLDuct8AhBWaXGnVizBAYyimVwgCyGa9z/NiRhXA=="
    },
    "typescript": {
      "version": "3.9.7",
      "resolved": "https://registry.npmjs.org/typescript/-/typescript-3.9.7.tgz",
      "integrity": "sha512-BLbiRkiBzAwsjut4x/dsibSTB6yWpwT5qWmC2OfuCg3GgVQCSgMs4vEctYPhsaGtd0AeuuHMkjZ2h2WG8MSzRw==",
      "dev": true
    },
    "xstate": {
      "version": "4.11.0",
      "resolved": "https://registry.npmjs.org/xstate/-/xstate-4.11.0.tgz",
      "integrity": "sha512-v+S3jF2YrM2tFOit8o7+4N3FuFd9IIGcIKHyfHeeNjMlmNmwuiv/IbY9uw7ECifx7H/A9aGLcxPSr0jdjTGDww=="
    }
  }
}
